
Microsoft Visual Studio Solution File, Format Version 12.00
# Visual Studio Version 18
VisualStudioVersion = 18.0.11205.157 d18.0
MinimumVisualStudioVersion = 10.0.40219.1
Project("{FAE04EC0-301F-11D3-BF4B-00C04F79EFBC}") = "IgniteUI.Blazor.GridLite", "src\IgniteUI.Blazor.GridLite\IgniteUI.Blazor.GridLite.csproj", "{D486B772-EE3B-7843-006D-816F89544218}"
EndProject
Project("{FAE04EC0-301F-11D3-BF4B-00C04F79EFBC}") = "GridLite.DemoApp", "demo\GridLite.DemoApp\GridLite.DemoApp.csproj", "{B6861BB6-0002-4EBE-AF6C-E76CE7255E6B}"
EndProject
Global
	GlobalSection(SolutionConfigurationPlatforms) = preSolution
		Debug|Any CPU = Debug|Any CPU
		Release|Any CPU = Release|Any CPU
	EndGlobalSection
	GlobalSection(ProjectConfigurationPlatforms) = postSolution
		{D486B772-EE3B-7843-006D-816F89544218}.Debug|Any CPU.ActiveCfg = Debug|Any CPU
		{D486B772-EE3B-7843-006D-816F89544218}.Debug|Any CPU.Build.0 = Debug|Any CPU
		{D486B772-EE3B-7843-006D-816F89544218}.Release|Any CPU.ActiveCfg = Release|Any CPU
		{D486B772-EE3B-7843-006D-816F89544218}.Release|Any CPU.Build.0 = Release|Any CPU
		{B6861BB6-0002-4EBE-AF6C-E76CE7255E6B}.Debug|Any CPU.ActiveCfg = Debug|Any CPU
		{B6861BB6-0002-4EBE-AF6C-E76CE7255E6B}.Debug|Any CPU.Build.0 = Debug|Any CPU
		{B6861BB6-0002-4EBE-AF6C-E76CE7255E6B}.Release|Any CPU.ActiveCfg = Release|Any CPU
		{B6861BB6-0002-4EBE-AF6C-E76CE7255E6B}.Release|Any CPU.Build.0 = Release|Any CPU
	EndGlobalSection
	GlobalSection(SolutionProperties) = preSolution
		HideSolutionNode = FALSE
	EndGlobalSection
	GlobalSection(ExtensibilityGlobals) = postSolution
		SolutionGuid = {04B0E036-DF2D-4D04-9CCC-FC147C6EC712}
	EndGlobalSection
EndGlobal
